# @generated - this file is auto-generated by `mise lock` https://mise.jdx.dev/dev-tools/mise-lock.html

lockfile_version = 2

[[tools."aqua:bats-core/bats-core"]]
version = "1.14.0"
backend = "aqua:bats-core/bats-core"
specifiers = ["1.14.0"]

[tools."aqua:bats-core/bats-core"."platforms.linux-arm64"]
url = "https://github.com/bats-core/bats-core/archive/refs/tags/v1.14.0.tar.gz"
url_api = "https://api.github.com/repos/bats-core/bats-core/tarball/v1.14.0"

[tools."aqua:bats-core/bats-core"."platforms.linux-arm64-musl"]
url = "https://github.com/bats-core/bats-core/archive/refs/tags/v1.14.0.tar.gz"
url_api = "https://api.github.com/repos/bats-core/bats-core/tarball/v1.14.0"

[tools."aqua:bats-core/bats-core"."platforms.linux-x64"]
url = "https://github.com/bats-core/bats-core/archive/refs/tags/v1.14.0.tar.gz"
url_api = "https://api.github.com/repos/bats-core/bats-core/tarball/v1.14.0"

[tools."aqua:bats-core/bats-core"."platforms.linux-x64-musl"]
url = "https://github.com/bats-core/bats-core/archive/refs/tags/v1.14.0.tar.gz"
url_api = "https://api.github.com/repos/bats-core/bats-core/tarball/v1.14.0"

[tools."aqua:bats-core/bats-core"."platforms.macos-arm64"]
checksum = "blake3:9b3dc5d296f3da85ce1062c7f9648c979cf2b982f0151f785eaa84d448dec779"
url = "https://github.com/bats-core/bats-core/archive/refs/tags/v1.14.0.tar.gz"
url_api = "https://api.github.com/repos/bats-core/bats-core/tarball/v1.14.0"

[tools."aqua:bats-core/bats-core"."platforms.macos-x64"]
url = "https://github.com/bats-core/bats-core/archive/refs/tags/v1.14.0.tar.gz"
url_api = "https://api.github.com/repos/bats-core/bats-core/tarball/v1.14.0"

[[tools."aqua:betterleaks/betterleaks"]]
version = "1.9.0"
backend = "aqua:betterleaks/betterleaks"
specifiers = ["1.9.0"]

[tools."aqua:betterleaks/betterleaks"."platforms.linux-arm64"]
checksum = "sha256:1d39116e0a58dc94574715e2aa12a2dbd5062f193eee3fec011fef6ba06bd13b"
url = "https://github.com/betterleaks/betterleaks/releases/download/v1.9.0/betterleaks_1.9.0_linux_arm64.tar.gz"
url_api = "https://api.github.com/repos/betterleaks/betterleaks/releases/assets/599108932"
provenance = "cosign"

[tools."aqua:betterleaks/betterleaks"."platforms.linux-arm64-musl"]
checksum = "sha256:1d39116e0a58dc94574715e2aa12a2dbd5062f193eee3fec011fef6ba06bd13b"
url = "https://github.com/betterleaks/betterleaks/releases/download/v1.9.0/betterleaks_1.9.0_linux_arm64.tar.gz"
url_api = "https://api.github.com/repos/betterleaks/betterleaks/releases/assets/599108932"
provenance = "cosign"

[tools."aqua:betterleaks/betterleaks"."platforms.linux-x64"]
checksum = "sha256:f8b185a39ffcece2a1ca82bf3a4e7435cd81963ffd16b7a9128daf75f35f6de7"
url = "https://github.com/betterleaks/betterleaks/releases/download/v1.9.0/betterleaks_1.9.0_linux_x64.tar.gz"
url_api = "https://api.github.com/repos/betterleaks/betterleaks/releases/assets/599108929"
provenance = "cosign"

[tools."aqua:betterleaks/betterleaks"."platforms.linux-x64-musl"]
checksum = "sha256:f8b185a39ffcece2a1ca82bf3a4e7435cd81963ffd16b7a9128daf75f35f6de7"
url = "https://github.com/betterleaks/betterleaks/releases/download/v1.9.0/betterleaks_1.9.0_linux_x64.tar.gz"
url_api = "https://api.github.com/repos/betterleaks/betterleaks/releases/assets/599108929"
provenance = "cosign"

[tools."aqua:betterleaks/betterleaks"."platforms.macos-arm64"]
checksum = "sha256:83dd7eaab13d44a1e8e347a17064cdef153a1478db473276d41b38d55613d3f2"
url = "https://github.com/betterleaks/betterleaks/releases/download/v1.9.0/betterleaks_1.9.0_darwin_arm64.tar.gz"
url_api = "https://api.github.com/repos/betterleaks/betterleaks/releases/assets/599108927"
provenance = "cosign"

[tools."aqua:betterleaks/betterleaks"."platforms.macos-x64"]
checksum = "sha256:68dfd83458d9e7f90663daa7a81c7f944083b170dae82e4f5f8d0581ed519ef1"
url = "https://github.com/betterleaks/betterleaks/releases/download/v1.9.0/betterleaks_1.9.0_darwin_x64.tar.gz"
url_api = "https://api.github.com/repos/betterleaks/betterleaks/releases/assets/599108931"
provenance = "cosign"

[tools."aqua:betterleaks/betterleaks"."platforms.windows-x64"]
checksum = "sha256:b765daec9fda475b031b5a5159798cbe4294a3f2a50683cbc0471226e376d3da"
url = "https://github.com/betterleaks/betterleaks/releases/download/v1.9.0/betterleaks_1.9.0_windows_x64.zip"
url_api = "https://api.github.com/repos/betterleaks/betterleaks/releases/assets/599108997"
provenance = "cosign"

[[tools."aqua:evilmartians/lefthook"]]
version = "2.1.17"
backend = "aqua:evilmartians/lefthook"
specifiers = ["2.1.17"]

[tools."aqua:evilmartians/lefthook"."platforms.linux-arm64"]
checksum = "sha256:079cca03c2e719a804692fe819bd3786fcdc494af30491a9fd369a382ee6bc84"
url = "https://github.com/evilmartians/lefthook/releases/download/v2.1.17/lefthook_2.1.17_Linux_aarch64.gz"
url_api = "https://api.github.com/repos/evilmartians/lefthook/releases/assets/611880089"
provenance = "github-attestations"

[tools."aqua:evilmartians/lefthook"."platforms.linux-arm64-musl"]
checksum = "sha256:079cca03c2e719a804692fe819bd3786fcdc494af30491a9fd369a382ee6bc84"
url = "https://github.com/evilmartians/lefthook/releases/download/v2.1.17/lefthook_2.1.17_Linux_aarch64.gz"
url_api = "https://api.github.com/repos/evilmartians/lefthook/releases/assets/611880089"
provenance = "github-attestations"

[tools."aqua:evilmartians/lefthook"."platforms.linux-x64"]
checksum = "sha256:e3c6e271b6a77a8fac527d7cc21c1036f7605afcb6653aabe4b166913322f900"
url = "https://github.com/evilmartians/lefthook/releases/download/v2.1.17/lefthook_2.1.17_Linux_x86_64.gz"
url_api = "https://api.github.com/repos/evilmartians/lefthook/releases/assets/611880017"
provenance = "github-attestations"

[tools."aqua:evilmartians/lefthook"."platforms.linux-x64-musl"]
checksum = "sha256:e3c6e271b6a77a8fac527d7cc21c1036f7605afcb6653aabe4b166913322f900"
url = "https://github.com/evilmartians/lefthook/releases/download/v2.1.17/lefthook_2.1.17_Linux_x86_64.gz"
url_api = "https://api.github.com/repos/evilmartians/lefthook/releases/assets/611880017"
provenance = "github-attestations"

[tools."aqua:evilmartians/lefthook"."platforms.macos-arm64"]
checksum = "sha256:aabf434ea7049af9854eb5205520bc16fc52d3d55459c2332a3711cdd6743d34"
url = "https://github.com/evilmartians/lefthook/releases/download/v2.1.17/lefthook_2.1.17_MacOS_arm64.gz"
url_api = "https://api.github.com/repos/evilmartians/lefthook/releases/assets/611879927"
provenance = "github-attestations"

[tools."aqua:evilmartians/lefthook"."platforms.macos-x64"]
checksum = "sha256:52999a12d78867c3d8208fbc7dad6376acc6c75b949c95edb488112e2438e8df"
url = "https://github.com/evilmartians/lefthook/releases/download/v2.1.17/lefthook_2.1.17_MacOS_x86_64.gz"
url_api = "https://api.github.com/repos/evilmartians/lefthook/releases/assets/611879984"
provenance = "github-attestations"

[tools."aqua:evilmartians/lefthook"."platforms.windows-x64"]
checksum = "sha256:5395b911e309c653e6c8a9063ff4462ab13b930d3ec29917db3332675683e741"
url = "https://github.com/evilmartians/lefthook/releases/download/v2.1.17/lefthook_2.1.17_Windows_x86_64.gz"
url_api = "https://api.github.com/repos/evilmartians/lefthook/releases/assets/611880022"
provenance = "github-attestations"

[[tools."aqua:rhysd/actionlint"]]
version = "1.7.12"
backend = "aqua:rhysd/actionlint"
specifiers = ["1.7.12"]

[tools."aqua:rhysd/actionlint"."platforms.linux-arm64"]
checksum = "sha256:325e971b6ba9bfa504672e29be93c24981eeb1c07576d730e9f7c8805afff0c6"
url = "https://github.com/rhysd/actionlint/releases/download/v1.7.12/actionlint_1.7.12_linux_arm64.tar.gz"
url_api = "https://api.github.com/repos/rhysd/actionlint/releases/assets/384924897"
provenance = "github-attestations"

[tools."aqua:rhysd/actionlint"."platforms.linux-arm64-musl"]
checksum = "sha256:325e971b6ba9bfa504672e29be93c24981eeb1c07576d730e9f7c8805afff0c6"
url = "https://github.com/rhysd/actionlint/releases/download/v1.7.12/actionlint_1.7.12_linux_arm64.tar.gz"
url_api = "https://api.github.com/repos/rhysd/actionlint/releases/assets/384924897"
provenance = "github-attestations"

[tools."aqua:rhysd/actionlint"."platforms.linux-x64"]
checksum = "sha256:8aca8db96f1b94770f1b0d72b6dddcb1ebb8123cb3712530b08cc387b349a3d8"
url = "https://github.com/rhysd/actionlint/releases/download/v1.7.12/actionlint_1.7.12_linux_amd64.tar.gz"
url_api = "https://api.github.com/repos/rhysd/actionlint/releases/assets/384924896"
provenance = "github-attestations"

[tools."aqua:rhysd/actionlint"."platforms.linux-x64-musl"]
checksum = "sha256:8aca8db96f1b94770f1b0d72b6dddcb1ebb8123cb3712530b08cc387b349a3d8"
url = "https://github.com/rhysd/actionlint/releases/download/v1.7.12/actionlint_1.7.12_linux_amd64.tar.gz"
url_api = "https://api.github.com/repos/rhysd/actionlint/releases/assets/384924896"
provenance = "github-attestations"

[tools."aqua:rhysd/actionlint"."platforms.macos-arm64"]
checksum = "sha256:aba9ced2dee8d27fecca3dc7feb1a7f9a52caefa1eb46f3271ea66b6e0e6953f"
url = "https://github.com/rhysd/actionlint/releases/download/v1.7.12/actionlint_1.7.12_darwin_arm64.tar.gz"
url_api = "https://api.github.com/repos/rhysd/actionlint/releases/assets/384924893"
provenance = "github-attestations"

[tools."aqua:rhysd/actionlint"."platforms.macos-x64"]
checksum = "sha256:5b44c3bc2255115c9b69e30efc0fecdf498fdb63c5d58e17084fd5f16324c644"
url = "https://github.com/rhysd/actionlint/releases/download/v1.7.12/actionlint_1.7.12_darwin_amd64.tar.gz"
url_api = "https://api.github.com/repos/rhysd/actionlint/releases/assets/384924880"
provenance = "github-attestations"

[tools."aqua:rhysd/actionlint"."platforms.windows-x64"]
checksum = "sha256:6e7241b51e6817ea6a047693d8e6fed13b31819c9a0dd6c5a726e1592d22f6e9"
url = "https://github.com/rhysd/actionlint/releases/download/v1.7.12/actionlint_1.7.12_windows_amd64.zip"
url_api = "https://api.github.com/repos/rhysd/actionlint/releases/assets/384924919"
provenance = "github-attestations"

[[tools."aqua:suzuki-shunsuke/pinact"]]
version = "5.0.0"
backend = "aqua:suzuki-shunsuke/pinact"
specifiers = ["5.0.0"]

[tools."aqua:suzuki-shunsuke/pinact"."platforms.linux-arm64"]
checksum = "sha256:d28ca5e9ddd7950da4a808288f8a83f84fc3ca40e86bab970f3adeef33578c0b"
url = "https://github.com/suzuki-shunsuke/pinact/releases/download/v5.0.0/pinact_linux_arm64.tar.gz"
url_api = "https://api.github.com/repos/suzuki-shunsuke/pinact/releases/assets/558638070"
provenance = "github-attestations"

[tools."aqua:suzuki-shunsuke/pinact"."platforms.linux-arm64-musl"]
checksum = "sha256:d28ca5e9ddd7950da4a808288f8a83f84fc3ca40e86bab970f3adeef33578c0b"
url = "https://github.com/suzuki-shunsuke/pinact/releases/download/v5.0.0/pinact_linux_arm64.tar.gz"
url_api = "https://api.github.com/repos/suzuki-shunsuke/pinact/releases/assets/558638070"
provenance = "github-attestations"

[tools."aqua:suzuki-shunsuke/pinact"."platforms.linux-x64"]
checksum = "sha256:d005bbb85da80dacdc07816f24a5da723a9f6d1e9f3d3e7e73df33f9caa1358f"
url = "https://github.com/suzuki-shunsuke/pinact/releases/download/v5.0.0/pinact_linux_amd64.tar.gz"
url_api = "https://api.github.com/repos/suzuki-shunsuke/pinact/releases/assets/558638065"
provenance = "github-attestations"

[tools."aqua:suzuki-shunsuke/pinact"."platforms.linux-x64-musl"]
checksum = "sha256:d005bbb85da80dacdc07816f24a5da723a9f6d1e9f3d3e7e73df33f9caa1358f"
url = "https://github.com/suzuki-shunsuke/pinact/releases/download/v5.0.0/pinact_linux_amd64.tar.gz"
url_api = "https://api.github.com/repos/suzuki-shunsuke/pinact/releases/assets/558638065"
provenance = "github-attestations"

[tools."aqua:suzuki-shunsuke/pinact"."platforms.macos-arm64"]
checksum = "sha256:3437ebfc9db720e431e86fd03ed19173b88dcb80b0f177d11a892126108661b5"
url = "https://github.com/suzuki-shunsuke/pinact/releases/download/v5.0.0/pinact_darwin_arm64.tar.gz"
url_api = "https://api.github.com/repos/suzuki-shunsuke/pinact/releases/assets/558638064"
provenance = "github-attestations"

[tools."aqua:suzuki-shunsuke/pinact"."platforms.macos-x64"]
checksum = "sha256:da5532bd185a9d3a16a1f93774f835574e0c50bc74c2085b9917b9df3e9fbbaa"
url = "https://github.com/suzuki-shunsuke/pinact/releases/download/v5.0.0/pinact_darwin_amd64.tar.gz"
url_api = "https://api.github.com/repos/suzuki-shunsuke/pinact/releases/assets/558638050"
provenance = "github-attestations"

[tools."aqua:suzuki-shunsuke/pinact"."platforms.windows-x64"]
checksum = "sha256:df2f590f24c2bfe65a35010bffb4369ba0792c9afaf7fb324b2330895a37d19f"
url = "https://github.com/suzuki-shunsuke/pinact/releases/download/v5.0.0/pinact_windows_amd64.zip"
url_api = "https://api.github.com/repos/suzuki-shunsuke/pinact/releases/assets/558638100"
provenance = "github-attestations"

[[tools."aqua:zizmorcore/zizmor"]]
version = "1.30.1"
backend = "aqua:zizmorcore/zizmor"
specifiers = ["1.30.1"]

[tools."aqua:zizmorcore/zizmor"."platforms.linux-arm64"]
checksum = "sha256:7ff1dce33bdd18fd2a4affe63bdd47efcccca97b2cec1c1863ec26e9e2647540"
url = "https://github.com/zizmorcore/zizmor/releases/download/v1.30.1/zizmor-aarch64-unknown-linux-gnu.tar.gz"
url_api = "https://api.github.com/repos/zizmorcore/zizmor/releases/assets/552067643"
provenance = "github-attestations"

[tools."aqua:zizmorcore/zizmor"."platforms.linux-arm64-musl"]
provenance = "github-attestations"

[tools."aqua:zizmorcore/zizmor"."platforms.linux-x64"]
checksum = "sha256:e65324f4430c2717591937edcec90ccbefaf14c174f8ec9415e03ca875b46e1a"
url = "https://github.com/zizmorcore/zizmor/releases/download/v1.30.1/zizmor-x86_64-unknown-linux-gnu.tar.gz"
url_api = "https://api.github.com/repos/zizmorcore/zizmor/releases/assets/552067642"
provenance = "github-attestations"

[tools."aqua:zizmorcore/zizmor"."platforms.linux-x64-musl"]
provenance = "github-attestations"

[tools."aqua:zizmorcore/zizmor"."platforms.macos-arm64"]
checksum = "sha256:e28d22b087f9ebb8d99da6e740d348c930f559961c7c3f12badda54f882195a2"
url = "https://github.com/zizmorcore/zizmor/releases/download/v1.30.1/zizmor-aarch64-apple-darwin.tar.gz"
url_api = "https://api.github.com/repos/zizmorcore/zizmor/releases/assets/552067640"
provenance = "github-attestations"

[tools."aqua:zizmorcore/zizmor"."platforms.macos-x64"]
checksum = "sha256:10e6b18b11ea07e515a16f0f0518c7b07527bc9977c1fd5698181ce7f3554202"
url = "https://github.com/zizmorcore/zizmor/releases/download/v1.30.1/zizmor-x86_64-apple-darwin.tar.gz"
url_api = "https://api.github.com/repos/zizmorcore/zizmor/releases/assets/552067641"
provenance = "github-attestations"

[tools."aqua:zizmorcore/zizmor"."platforms.windows-x64"]
checksum = "sha256:b183b1e996eddfab9659f1e9b46e059f1ef1cf984a1f14e5da09f7876a4b3a1c"
url = "https://github.com/zizmorcore/zizmor/releases/download/v1.30.1/zizmor-x86_64-pc-windows-msvc.zip"
url_api = "https://api.github.com/repos/zizmorcore/zizmor/releases/assets/552067645"
provenance = "github-attestations"
